
Microsoft Visual Studio Solution File, Format Version 12.00
# Visual Studio Version 17
VisualStudioVersion = 17.14.36518.9 d17.14
MinimumVisualStudioVersion = 10.0.40219.1
Project("{FAE04EC0-301F-11D3-BF4B-00C04F79EFBC}") = "Bookmarks", "Bookmarks\Bookmarks.csproj", "{DA418102-7559-40F0-8F6A-A72CEE0166BC}"
EndProject
Global
	GlobalSection(SolutionConfigurationPlatforms) = preSolution
		Debug|Any CPU = Debug|Any CPU
		Release|Any CPU = Release|Any CPU
	EndGlobalSection
	GlobalSection(ProjectConfigurationPlatforms) = postSolution
		{DA418102-7559-40F0-8F6A-A72CEE0166BC}.Debug|Any CPU.ActiveCfg = Debug|Any CPU
		{DA418102-7559-40F0-8F6A-A72CEE0166BC}.Debug|Any CPU.Build.0 = Debug|Any CPU
		{DA418102-7559-40F0-8F6A-A72CEE0166BC}.Release|Any CPU.ActiveCfg = Release|Any CPU
		{DA418102-7559-40F0-8F6A-A72CEE0166BC}.Release|Any CPU.Build.0 = Release|Any CPU
	EndGlobalSection
	GlobalSection(SolutionProperties) = preSolution
		HideSolutionNode = FALSE
	EndGlobalSection
	GlobalSection(ExtensibilityGlobals) = postSolution
		SolutionGuid = {2217FA44-FF53-4AD6-9D82-2413D013F581}
	EndGlobalSection
EndGlobal
