
Microsoft Visual Studio Solution File, Format Version 12.00
# Visual Studio Version 17
VisualStudioVersion = 17.14.36518.9 d17.14
MinimumVisualStudioVersion = 10.0.40219.1
Project("{FAE04EC0-301F-11D3-BF4B-00C04F79EFBC}") = "EventHubReciever", "EventHubReciever\EventHubReciever.csproj", "{B3694460-38D1-4F0D-83F7-C92FFA703778}"
EndProject
Global
	GlobalSection(SolutionConfigurationPlatforms) = preSolution
		Debug|Any CPU = Debug|Any CPU
		Release|Any CPU = Release|Any CPU
	EndGlobalSection
	GlobalSection(ProjectConfigurationPlatforms) = postSolution
		{B3694460-38D1-4F0D-83F7-C92FFA703778}.Debug|Any CPU.ActiveCfg = Debug|Any CPU
		{B3694460-38D1-4F0D-83F7-C92FFA703778}.Debug|Any CPU.Build.0 = Debug|Any CPU
		{B3694460-38D1-4F0D-83F7-C92FFA703778}.Release|Any CPU.ActiveCfg = Release|Any CPU
		{B3694460-38D1-4F0D-83F7-C92FFA703778}.Release|Any CPU.Build.0 = Release|Any CPU
	EndGlobalSection
	GlobalSection(SolutionProperties) = preSolution
		HideSolutionNode = FALSE
	EndGlobalSection
	GlobalSection(ExtensibilityGlobals) = postSolution
		SolutionGuid = {584DE601-53E7-4AD5-9486-9CC2BED81A2A}
	EndGlobalSection
EndGlobal
